// !$*UTF8*$!
{
	archiveVersion = 1;
	classes = {
	};
	objectVersion = 50;
	objects = {

/* Begin PBXBuildFile section */
		DFB36A0B26C3AA06007C1785 /* AppDelegate.swift in Sources */ = {isa = PBXBuildFile; fileRef = DFB36A0A26C3AA06007C1785 /* AppDelegate.swift */; };
		DFB36A0D26C3AA06007C1785 /* SceneDelegate.swift in Sources */ = {isa = PBXBuildFile; fileRef = DFB36A0C26C3AA06007C1785 /* SceneDelegate.swift */; };
		DFB36A0F26C3AA06007C1785 /* ViewController.swift in Sources */ = {isa = PBXBuildFile; fileRef = DFB36A0E26C3AA06007C1785 /* ViewController.swift */; };
		DFB36A1226C3AA06007C1785 /* Main.storyboard in Resources */ = {isa = PBXBuildFile; fileRef = DFB36A1026C3AA06007C1785 /* Main.storyboard */; };
		DFB36A1526C3AA06007C1785 /* Chapter08_APITest.xcdatamodeld in Sources */ = {isa = PBXBuildFile; fileRef = DFB36A1326C3AA06007C1785 /* Chapter08_APITest.xcdatamodeld */; };
		DFB36A1726C3AA09007C1785 /* Assets.xcassets in Resources */ = {isa = PBXBuildFile; fileRef = DFB36A1626C3AA09007C1785 /* Assets.xcassets */; };
		DFB36A1A26C3AA09007C1785 /* LaunchScreen.storyboard in Resources */ = {isa = PBXBuildFile; fileRef = DFB36A1826C3AA09007C1785 /* LaunchScreen.storyboard */; };
/* End PBXBuildFile section */

/* Begin PBXFileReference section */
		DFB36A0726C3AA06007C1785 /* Chapter08-APITest.app */ = {isa = PBXFileReference; explicitFileType = wrapper.application; includeInIndex = 0; path = "Chapter08-APITest.app"; sourceTree = BUILT_PRODUCTS_DIR; };
		DFB36A0A26C3AA06007C1785 /* AppDelegate.swift */ = {isa = PBXFileReference; lastKnownFileType = sourcecode.swift; path = AppDelegate.swift; sourceTree = "<group>"; };
		DFB36A0C26C3AA06007C1785 /* SceneDelegate.swift */ = {isa = PBXFileReference; lastKnownFileType = sourcecode.swift; path = SceneDelegate.swift; sourceTree = "<group>"; };
		DFB36A0E26C3AA06007C1785 /* ViewController.swift */ = {isa = PBXFileReference; lastKnownFileType = sourcecode.swift; path = ViewController.swift; sourceTree = "<group>"; };
		DFB36A1126C3AA06007C1785 /* Base */ = {isa = PBXFileReference; lastKnownFileType = file.storyboard; name = Base; path = Base.lproj/Main.storyboard; sourceTree = "<group>"; };
		DFB36A1426C3AA06007C1785 /* Chapter08_APITest.xcdatamodel */ = {isa = PBXFileReference; lastKnownFileType = wrapper.xcdatamodel; path = Chapter08_APITest.xcdatamodel; sourceTree = "<group>"; };
		DFB36A1626C3AA09007C1785 /* Assets.xcassets */ = {isa = PBXFileReference; lastKnownFileType = folder.assetcatalog; path = Assets.xcassets; sourceTree = "<group>"; };
		DFB36A1926C3AA09007C1785 /* Base */ = {isa = PBXFileReference; lastKnownFileType = file.storyboard; name = Base; path = Base.lproj/LaunchScreen.storyboard; sourceTree = "<group>"; };
		DFB36A1B26C3AA09007C1785 /* Info.plist */ = {isa = PBXFileReference; lastKnownFileType = text.plist.xml; path = Info.plist; sourceTree = "<group>"; };
/* End PBXFileReference section */

/* Begin PBXFrameworksBuildPhase section */
		DFB36A0426C3AA06007C1785 /* Frameworks */ = {
			isa = PBXFrameworksBuildPhase;
			buildActionMask = 2147483647;
			files = (
			);
			runOnlyForDeploymentPostprocessing = 0;
		};
/* End PBXFrameworksBuildPhase section */

/* Begin PBXGroup section */
		DFB369FE26C3AA06007C1785 = {
			isa = PBXGroup;
			children = (
				DFB36A0926C3AA06007C1785 /* Chapter08-APITest */,
				DFB36A0826C3AA06007C1785 /* Products */,
			);
			sourceTree = "<group>";
		};
		DFB36A0826C3AA06007C1785 /* Products */ = {
			isa = PBXGroup;
			children = (
				DFB36A0726C3AA06007C1785 /* Chapter08-APITest.app */,
			);
			name = Products;
			sourceTree = "<group>";
		};
		DFB36A0926C3AA06007C1785 /* Chapter08-APITest */ = {
			isa = PBXGroup;
			children = (
				DFB36A0A26C3AA06007C1785 /* AppDelegate.swift */,
				DFB36A0C26C3AA06007C1785 /* SceneDelegate.swift */,
				DFB36A0E26C3AA06007C1785 /* ViewController.swift */,
				DFB36A1026C3AA06007C1785 /* Main.storyboard */,
				DFB36A1626C3AA09007C1785 /* Assets.xcassets */,
				DFB36A1826C3AA09007C1785 /* LaunchScreen.storyboard */,
				DFB36A1B26C3AA09007C1785 /* Info.plist */,
				DFB36A1326C3AA06007C1785 /* Chapter08_APITest.xcdatamodeld */,
			);
			path = "Chapter08-APITest";
			sourceTree = "<group>";
		};
/* End PBXGroup section */

/* Begin PBXNativeTarget section */
		DFB36A0626C3AA06007C1785 /* Chapter08-APITest */ = {
			isa = PBXNativeTarget;
			buildConfigurationList = DFB36A1E26C3AA09007C1785 /* Build configuration list for PBXNativeTarget "Chapter08-APITest" */;
			buildPhases = (
				DFB36A0326C3AA06007C1785 /* Sources */,
				DFB36A0426C3AA06007C1785 /* Frameworks */,
				DFB36A0526C3AA06007C1785 /* Resources */,
			);
			buildRules = (
			);
			dependencies = (
			);
			name = "Chapter08-APITest";
			productName = "Chapter08-APITest";
			productReference = DFB36A0726C3AA06007C1785 /* Chapter08-APITest.app */;
			productType = "com.apple.product-type.application";
		};
/* End PBXNativeTarget section */

/* Begin PBXProject section */
		DFB369FF26C3AA06007C1785 /* Project object */ = {
			isa = PBXProject;
			attributes = {
				LastSwiftUpdateCheck = 1250;
				LastUpgradeCheck = 1250;
				TargetAttributes = {
					DFB36A0626C3AA06007C1785 = {
						CreatedOnToolsVersion = 12.5.1;
					};
				};
			};
			buildConfigurationList = DFB36A0226C3AA06007C1785 /* Build configuration list for PBXProject "Chapter08-APITest" */;
			compatibilityVersion = "Xcode 9.3";
			developmentRegion = en;
			hasScannedForEncodings = 0;
			knownRegions = (
				en,
				Base,
			);
			mainGroup = DFB369FE26C3AA06007C1785;
			productRefGroup = DFB36A0826C3AA06007C1785 /* Products */;
			projectDirPath = "";
			projectRoot = "";
			targets = (
				DFB36A0626C3AA06007C1785 /* Chapter08-APITest */,
			);
		};
/* End PBXProject section */

/* Begin PBXResourcesBuildPhase section */
		DFB36A0526C3AA06007C1785 /* Resources */ = {
			isa = PBXResourcesBuildPhase;
			buildActionMask = 2147483647;
			files = (
				DFB36A1A26C3AA09007C1785 /* LaunchScreen.storyboard in Resources */,
				DFB36A1726C3AA09007C1785 /* Assets.xcassets in Resources */,
				DFB36A1226C3AA06007C1785 /* Main.storyboard in Resources */,
			);
			runOnlyForDeploymentPostprocessing = 0;
		};
/* End PBXResourcesBuildPhase section */

/* Begin PBXSourcesBuildPhase section */
		DFB36A0326C3AA06007C1785 /* Sources */ = {
			isa = PBXSourcesBuildPhase;
			buildActionMask = 2147483647;
			files = (
				DFB36A0F26C3AA06007C1785 /* ViewController.swift in Sources */,
				DFB36A0B26C3AA06007C1785 /* AppDelegate.swift in Sources */,
				DFB36A1526C3AA06007C1785 /* Chapter08_APITest.xcdatamodeld in Sources */,
				DFB36A0D26C3AA06007C1785 /* SceneDelegate.swift in Sources */,
			);
			runOnlyForDeploymentPostprocessing = 0;
		};
/* End PBXSourcesBuildPhase section */

/* Begin PBXVariantGroup section */
		DFB36A1026C3AA06007C1785 /* Main.storyboard */ = {
			isa = PBXVariantGroup;
			children = (
				DFB36A1126C3AA06007C1785 /* Base */,
			);
			name = Main.storyboard;
			sourceTree = "<group>";
		};
		DFB36A1826C3AA09007C1785 /* LaunchScreen.storyboard */ = {
			isa = PBXVariantGroup;
			children = (
				DFB36A1926C3AA09007C1785 /* Base */,
			);
			name = LaunchScreen.storyboard;
			sourceTree = "<group>";
		};
/* End PBXVariantGroup section */

/* Begin XCBuildConfiguration section */
		DFB36A1C26C3AA09007C1785 /* Debug */ = {
			isa = XCBuildConfiguration;
			buildSettings = {
				ALWAYS_SEARCH_USER_PATHS = NO;
				CLANG_ANALYZER_NONNULL = YES;
				CLANG_ANALYZER_NUMBER_OBJECT_CONVERSION = YES_AGGRESSIVE;
				CLANG_CXX_LANGUAGE_STANDARD = "gnu++14";
				CLANG_CXX_LIBRARY = "libc++";
				CLANG_ENABLE_MODULES = YES;
				CLANG_ENABLE_OBJC_ARC = YES;
				CLANG_ENABLE_OBJC_WEAK = YES;
				CLANG_WARN_BLOCK_CAPTURE_AUTORELEASING = YES;
				CLANG_WARN_BOOL_CONVERSION = YES;
				CLANG_WARN_COMMA = YES;
				CLANG_WARN_CONSTANT_CONVERSION = YES;
				CLANG_WARN_DEPRECATED_OBJC_IMPLEMENTATIONS = YES;
				CLANG_WARN_DIRECT_OBJC_ISA_USAGE = YES_ERROR;
				CLANG_WARN_DOCUMENTATION_COMMENTS = YES;
				CLANG_WARN_EMPTY_BODY = YES;
				CLANG_WARN_ENUM_CONVERSION = YES;
				CLANG_WARN_INFINITE_RECURSION = YES;
				CLANG_WARN_INT_CONVERSION = YES;
				CLANG_WARN_NON_LITERAL_NULL_CONVERSION = YES;
				CLANG_WARN_OBJC_IMPLICIT_RETAIN_SELF = YES;
				CLANG_WARN_OBJC_LITERAL_CONVERSION = YES;
				CLANG_WARN_OBJC_ROOT_CLASS = YES_ERROR;
				CLANG_WARN_QUOTED_INCLUDE_IN_FRAMEWORK_HEADER = YES;
				CLANG_WARN_RANGE_LOOP_ANALYSIS = YES;
				CLANG_WARN_STRICT_PROTOTYPES = YES;
				CLANG_WARN_SUSPICIOUS_MOVE = YES;
				CLANG_WARN_UNGUARDED_AVAILABILITY = YES_AGGRESSIVE;
				CLANG_WARN_UNREACHABLE_CODE = YES;
				CLANG_WARN__DUPLICATE_METHOD_MATCH = YES;
				COPY_PHASE_STRIP = NO;
				DEBUG_INFORMATION_FORMAT = dwarf;
				ENABLE_STRICT_OBJC_MSGSEND = YES;
				ENABLE_TESTABILITY = YES;
				GCC_C_LANGUAGE_STANDARD = gnu11;
				GCC_DYNAMIC_NO_PIC = NO;
				GCC_NO_COMMON_BLOCKS = YES;
				GCC_OPTIMIZATION_LEVEL = 0;
				GCC_PREPROCESSOR_DEFINITIONS = (
					"DEBUG=1",
					"$(inherited)",
				);
				GCC_WARN_64_TO_32_BIT_CONVERSION = YES;
				GCC_WARN_ABOUT_RETURN_TYPE = YES_ERROR;
				GCC_WARN_UNDECLARED_SELECTOR = YES;
				GCC_WARN_UNINITIALIZED_AUTOS = YES_AGGRESSIVE;
				GCC_WARN_UNUSED_FUNCTION = YES;
				GCC_WARN_UNUSED_VARIABLE = YES;
				IPHONEOS_DEPLOYMENT_TARGET = 14.5;
				MTL_ENABLE_DEBUG_INFO = INCLUDE_SOURCE;
				MTL_FAST_MATH = YES;
				ONLY_ACTIVE_ARCH = YES;
				SDKROOT = iphoneos;
				SWIFT_ACTIVE_COMPILATION_CONDITIONS = DEBUG;
				SWIFT_OPTIMIZATION_LEVEL = "-Onone";
			};
			name = Debug;
		};
		DFB36A1D26C3AA09007C1785 /* Release */ = {
			isa = XCBuildConfiguration;
			buildSettings = {
				ALWAYS_SEARCH_USER_PATHS = NO;
				CLANG_ANALYZER_NONNULL = YES;
				CLANG_ANALYZER_NUMBER_OBJECT_CONVERSION = YES_AGGRESSIVE;
				CLANG_CXX_LANGUAGE_STANDARD = "gnu++14";
				CLANG_CXX_LIBRARY = "libc++";
				CLANG_ENABLE_MODULES = YES;
				CLANG_ENABLE_OBJC_ARC = YES;
				CLANG_ENABLE_OBJC_WEAK = YES;
				CLANG_WARN_BLOCK_CAPTURE_AUTORELEASING = YES;
				CLANG_WARN_BOOL_CONVERSION = YES;
				CLANG_WARN_COMMA = YES;
				CLANG_WARN_CONSTANT_CONVERSION = YES;
				CLANG_WARN_DEPRECATED_OBJC_IMPLEMENTATIONS = YES;
				CLANG_WARN_DIRECT_OBJC_ISA_USAGE = YES_ERROR;
				CLANG_WARN_DOCUMENTATION_COMMENTS = YES;
				CLANG_WARN_EMPTY_BODY = YES;
				CLANG_WARN_ENUM_CONVERSION = YES;
				CLANG_WARN_INFINITE_RECURSION = YES;
				CLANG_WARN_INT_CONVERSION = YES;
				CLANG_WARN_NON_LITERAL_NULL_CONVERSION = YES;
				CLANG_WARN_OBJC_IMPLICIT_RETAIN_SELF = YES;
				CLANG_WARN_OBJC_LITERAL_CONVERSION = YES;
				CLANG_WARN_OBJC_ROOT_CLASS = YES_ERROR;
				CLANG_WARN_QUOTED_INCLUDE_IN_FRAMEWORK_HEADER = YES;
				CLANG_WARN_RANGE_LOOP_ANALYSIS = YES;
				CLANG_WARN_STRICT_PROTOTYPES = YES;
				CLANG_WARN_SUSPICIOUS_MOVE = YES;
				CLANG_WARN_UNGUARDED_AVAILABILITY = YES_AGGRESSIVE;
				CLANG_WARN_UNREACHABLE_CODE = YES;
				CLANG_WARN__DUPLICATE_METHOD_MATCH = YES;
				COPY_PHASE_STRIP = NO;
				DEBUG_INFORMATION_FORMAT = "dwarf-with-dsym";
				ENABLE_NS_ASSERTIONS = NO;
				ENABLE_STRICT_OBJC_MSGSEND = YES;
				GCC_C_LANGUAGE_STANDARD = gnu11;
				GCC_NO_COMMON_BLOCKS = YES;
				GCC_WARN_64_TO_32_BIT_CONVERSION = YES;
				GCC_WARN_ABOUT_RETURN_TYPE = YES_ERROR;
				GCC_WARN_UNDECLARED_SELECTOR = YES;
				GCC_WARN_UNINITIALIZED_AUTOS = YES_AGGRESSIVE;
				GCC_WARN_UNUSED_FUNCTION = YES;
				GCC_WARN_UNUSED_VARIABLE = YES;
				IPHONEOS_DEPLOYMENT_TARGET = 14.5;
				MTL_ENABLE_DEBUG_INFO = NO;
				MTL_FAST_MATH = YES;
				SDKROOT = iphoneos;
				SWIFT_COMPILATION_MODE = wholemodule;
				SWIFT_OPTIMIZATION_LEVEL = "-O";
				VALIDATE_PRODUCT = YES;
			};
			name = Release;
		};
		DFB36A1F26C3AA09007C1785 /* Debug */ = {
			isa = XCBuildConfiguration;
			buildSettings = {
				ASSETCATALOG_COMPILER_APPICON_NAME = AppIcon;
				ASSETCATALOG_COMPILER_GLOBAL_ACCENT_COLOR_NAME = AccentColor;
				CODE_SIGN_STYLE = Automatic;
				DEVELOPMENT_TEAM = 6GGFAY4XMT;
				INFOPLIST_FILE = "Chapter08-APITest/Info.plist";
				LD_RUNPATH_SEARCH_PATHS = (
					"$(inherited)",
					"@executable_path/Frameworks",
				);
				PRODUCT_BUNDLE_IDENTIFIER = "com.simyo.Chapter08-APITest";
				PRODUCT_NAME = "$(TARGET_NAME)";
				SWIFT_VERSION = 5.0;
				TARGETED_DEVICE_FAMILY = "1,2";
			};
			name = Debug;
		};
		DFB36A2026C3AA09007C1785 /* Release */ = {
			isa = XCBuildConfiguration;
			buildSettings = {
				ASSETCATALOG_COMPILER_APPICON_NAME = AppIcon;
				ASSETCATALOG_COMPILER_GLOBAL_ACCENT_COLOR_NAME = AccentColor;
				CODE_SIGN_STYLE = Automatic;
				DEVELOPMENT_TEAM = 6GGFAY4XMT;
				INFOPLIST_FILE = "Chapter08-APITest/Info.plist";
				LD_RUNPATH_SEARCH_PATHS = (
					"$(inherited)",
					"@executable_path/Frameworks",
				);
				PRODUCT_BUNDLE_IDENTIFIER = "com.simyo.Chapter08-APITest";
				PRODUCT_NAME = "$(TARGET_NAME)";
				SWIFT_VERSION = 5.0;
				TARGETED_DEVICE_FAMILY = "1,2";
			};
			name = Release;
		};
/* End XCBuildConfiguration section */

/* Begin XCConfigurationList section */
		DFB36A0226C3AA06007C1785 /* Build configuration list for PBXProject "Chapter08-APITest" */ = {
			isa = XCConfigurationList;
			buildConfigurations = (
				DFB36A1C26C3AA09007C1785 /* Debug */,
				DFB36A1D26C3AA09007C1785 /* Release */,
			);
			defaultConfigurationIsVisible = 0;
			defaultConfigurationName = Release;
		};
		DFB36A1E26C3AA09007C1785 /* Build configuration list for PBXNativeTarget "Chapter08-APITest" */ = {
			isa = XCConfigurationList;
			buildConfigurations = (
				DFB36A1F26C3AA09007C1785 /* Debug */,
				DFB36A2026C3AA09007C1785 /* Release */,
			);
			defaultConfigurationIsVisible = 0;
			defaultConfigurationName = Release;
		};
/* End XCConfigurationList section */

/* Begin XCVersionGroup section */
		DFB36A1326C3AA06007C1785 /* Chapter08_APITest.xcdatamodeld */ = {
			isa = XCVersionGroup;
			children = (
				DFB36A1426C3AA06007C1785 /* Chapter08_APITest.xcdatamodel */,
			);
			currentVersion = DFB36A1426C3AA06007C1785 /* Chapter08_APITest.xcdatamodel */;
			path = Chapter08_APITest.xcdatamodeld;
			sourceTree = "<group>";
			versionGroupType = wrapper.xcdatamodel;
		};
/* End XCVersionGroup section */
	};
	rootObject = DFB369FF26C3AA06007C1785 /* Project object */;
}
